
Microsoft Visual Studio Solution File, Format Version 12.00
# Visual Studio 15
VisualStudioVersion = 15.0.28307.329
MinimumVisualStudioVersion = 10.0.40219.1
Project("{8BC9CEB8-8B4A-11D0-8D11-00A0C91BC942}") = "project2", "project2\project2.vcxproj", "{6252C0CD-D9BF-4D4C-9E9A-CC150EAB42CB}"
EndProject
Project("{8BC9CEB8-8B4A-11D0-8D11-00A0C91BC942}") = "getcommline", "getcommline\getcommline.vcxproj", "{775D3624-EAEF-477A-8741-1898F3F3D3DC}"
EndProject
Project("{8BC9CEB8-8B4A-11D0-8D11-00A0C91BC942}") = "expenvstr", "expenvstr\expenvstr.vcxproj", "{193932C6-6D41-4AA8-A0E5-E5E828B9EDDB}"
EndProject
Project("{8BC9CEB8-8B4A-11D0-8D11-00A0C91BC942}") = "fileread", "fileread\fileread.vcxproj", "{498EC7AF-3E42-4EF3-B016-1450C37D7877}"
EndProject
Project("{8BC9CEB8-8B4A-11D0-8D11-00A0C91BC942}") = "filewrite", "filewrite\filewrite.vcxproj", "{644F421A-F87C-4704-AAC7-4764D68815F4}"
EndProject
Project("{8BC9CEB8-8B4A-11D0-8D11-00A0C91BC942}") = "createprocess 5", "createprocess 5\createprocess 5.vcxproj", "{70A7E5C8-C7F3-49D5-9BBB-BC0DB34E8665}"
EndProject
Project("{8BC9CEB8-8B4A-11D0-8D11-00A0C91BC942}") = "createevent", "createevent\createevent.vcxproj", "{4AE59D39-10A7-471D-8F8F-73FD0552784C}"
EndProject
Project("{8BC9CEB8-8B4A-11D0-8D11-00A0C91BC942}") = "process8", "process8\process8.vcxproj", "{BA7C90DA-C70D-4FC9-A8BA-0CFFFD97D487}"
EndProject
Project("{8BC9CEB8-8B4A-11D0-8D11-00A0C91BC942}") = "process 9", "process 9\process 9.vcxproj", "{F5FAB234-4482-4D0F-ACA9-3A71642D5D30}"
EndProject
Project("{8BC9CEB8-8B4A-11D0-8D11-00A0C91BC942}") = "thread 12", "thread 12\thread 12.vcxproj", "{C7D46235-0FA3-4532-BE19-A7515A3BC494}"
EndProject
Project("{8BC9CEB8-8B4A-11D0-8D11-00A0C91BC942}") = "thread 13", "thread 13\thread 13.vcxproj", "{4563B03E-8EAE-4264-A127-B58C27A4DBDB}"
EndProject
Project("{8BC9CEB8-8B4A-11D0-8D11-00A0C91BC942}") = "process 10", "process 10\process 10.vcxproj", "{BD40CFEB-27C3-48FC-BB77-811E49B6E9B0}"
EndProject
Project("{8BC9CEB8-8B4A-11D0-8D11-00A0C91BC942}") = "thread 14", "thread 14\thread 14.vcxproj", "{326B6B9C-A19C-492A-AB56-CC0DF5D2412B}"
EndProject
Project("{8BC9CEB8-8B4A-11D0-8D11-00A0C91BC942}") = "thred 15", "thred 15\thred 15.vcxproj", "{36EBE59B-0B22-476F-B4A5-CAFCA55C42D3}"
EndProject
Project("{8BC9CEB8-8B4A-11D0-8D11-00A0C91BC942}") = "thread 16", "thread 16\thread 16.vcxproj", "{4E9D1909-B4D4-4B65-B7C0-A7D4D6F0A127}"
EndProject
Project("{8BC9CEB8-8B4A-11D0-8D11-00A0C91BC942}") = "thread 17", "thread 17\thread 17.vcxproj", "{C8F7A4AA-CD00-41BC-9C9A-FD7EAE76942E}"
EndProject
Project("{8BC9CEB8-8B4A-11D0-8D11-00A0C91BC942}") = "19", "19\19.vcxproj", "{34780329-9823-4C15-8CD3-57F909E5FBE9}"
EndProject
Project("{8BC9CEB8-8B4A-11D0-8D11-00A0C91BC942}") = "18", "18\18.vcxproj", "{9FD6D222-278C-452C-982F-ED0AE45C761C}"
EndProject
Global
	GlobalSection(SolutionConfigurationPlatforms) = preSolution
		Debug|x64 = Debug|x64
		Debug|x86 = Debug|x86
		Release|x64 = Release|x64
		Release|x86 = Release|x86
	EndGlobalSection
	GlobalSection(ProjectConfigurationPlatforms) = postSolution
		{6252C0CD-D9BF-4D4C-9E9A-CC150EAB42CB}.Debug|x64.ActiveCfg = Debug|x64
		{6252C0CD-D9BF-4D4C-9E9A-CC150EAB42CB}.Debug|x64.Build.0 = Debug|x64
		{6252C0CD-D9BF-4D4C-9E9A-CC150EAB42CB}.Debug|x86.ActiveCfg = Debug|Win32
		{6252C0CD-D9BF-4D4C-9E9A-CC150EAB42CB}.Debug|x86.Build.0 = Debug|Win32
		{6252C0CD-D9BF-4D4C-9E9A-CC150EAB42CB}.Release|x64.ActiveCfg = Release|x64
		{6252C0CD-D9BF-4D4C-9E9A-CC150EAB42CB}.Release|x64.Build.0 = Release|x64
		{6252C0CD-D9BF-4D4C-9E9A-CC150EAB42CB}.Release|x86.ActiveCfg = Release|Win32
		{6252C0CD-D9BF-4D4C-9E9A-CC150EAB42CB}.Release|x86.Build.0 = Release|Win32
		{775D3624-EAEF-477A-8741-1898F3F3D3DC}.Debug|x64.ActiveCfg = Debug|x64
		{775D3624-EAEF-477A-8741-1898F3F3D3DC}.Debug|x64.Build.0 = Debug|x64
		{775D3624-EAEF-477A-8741-1898F3F3D3DC}.Debug|x86.ActiveCfg = Debug|Win32
		{775D3624-EAEF-477A-8741-1898F3F3D3DC}.Debug|x86.Build.0 = Debug|Win32
		{775D3624-EAEF-477A-8741-1898F3F3D3DC}.Release|x64.ActiveCfg = Release|x64
		{775D3624-EAEF-477A-8741-1898F3F3D3DC}.Release|x64.Build.0 = Release|x64
		{775D3624-EAEF-477A-8741-1898F3F3D3DC}.Release|x86.ActiveCfg = Release|Win32
		{775D3624-EAEF-477A-8741-1898F3F3D3DC}.Release|x86.Build.0 = Release|Win32
		{193932C6-6D41-4AA8-A0E5-E5E828B9EDDB}.Debug|x64.ActiveCfg = Debug|x64
		{193932C6-6D41-4AA8-A0E5-E5E828B9EDDB}.Debug|x64.Build.0 = Debug|x64
		{193932C6-6D41-4AA8-A0E5-E5E828B9EDDB}.Debug|x86.ActiveCfg = Debug|Win32
		{193932C6-6D41-4AA8-A0E5-E5E828B9EDDB}.Debug|x86.Build.0 = Debug|Win32
		{193932C6-6D41-4AA8-A0E5-E5E828B9EDDB}.Release|x64.ActiveCfg = Release|x64
		{193932C6-6D41-4AA8-A0E5-E5E828B9EDDB}.Release|x64.Build.0 = Release|x64
		{193932C6-6D41-4AA8-A0E5-E5E828B9EDDB}.Release|x86.ActiveCfg = Release|Win32
		{193932C6-6D41-4AA8-A0E5-E5E828B9EDDB}.Release|x86.Build.0 = Release|Win32
		{498EC7AF-3E42-4EF3-B016-1450C37D7877}.Debug|x64.ActiveCfg = Debug|x64
		{498EC7AF-3E42-4EF3-B016-1450C37D7877}.Debug|x64.Build.0 = Debug|x64
		{498EC7AF-3E42-4EF3-B016-1450C37D7877}.Debug|x86.ActiveCfg = Debug|Win32
		{498EC7AF-3E42-4EF3-B016-1450C37D7877}.Debug|x86.Build.0 = Debug|Win32
		{498EC7AF-3E42-4EF3-B016-1450C37D7877}.Release|x64.ActiveCfg = Release|x64
		{498EC7AF-3E42-4EF3-B016-1450C37D7877}.Release|x64.Build.0 = Release|x64
		{498EC7AF-3E42-4EF3-B016-1450C37D7877}.Release|x86.ActiveCfg = Release|Win32
		{498EC7AF-3E42-4EF3-B016-1450C37D7877}.Release|x86.Build.0 = Release|Win32
		{644F421A-F87C-4704-AAC7-4764D68815F4}.Debug|x64.ActiveCfg = Debug|x64
		{644F421A-F87C-4704-AAC7-4764D68815F4}.Debug|x64.Build.0 = Debug|x64
		{644F421A-F87C-4704-AAC7-4764D68815F4}.Debug|x86.ActiveCfg = Debug|Win32
		{644F421A-F87C-4704-AAC7-4764D68815F4}.Debug|x86.Build.0 = Debug|Win32
		{644F421A-F87C-4704-AAC7-4764D68815F4}.Release|x64.ActiveCfg = Release|x64
		{644F421A-F87C-4704-AAC7-4764D68815F4}.Release|x64.Build.0 = Release|x64
		{644F421A-F87C-4704-AAC7-4764D68815F4}.Release|x86.ActiveCfg = Release|Win32
		{644F421A-F87C-4704-AAC7-4764D68815F4}.Release|x86.Build.0 = Release|Win32
		{70A7E5C8-C7F3-49D5-9BBB-BC0DB34E8665}.Debug|x64.ActiveCfg = Debug|x64
		{70A7E5C8-C7F3-49D5-9BBB-BC0DB34E8665}.Debug|x64.Build.0 = Debug|x64
		{70A7E5C8-C7F3-49D5-9BBB-BC0DB34E8665}.Debug|x86.ActiveCfg = Debug|Win32
		{70A7E5C8-C7F3-49D5-9BBB-BC0DB34E8665}.Debug|x86.Build.0 = Debug|Win32
		{70A7E5C8-C7F3-49D5-9BBB-BC0DB34E8665}.Release|x64.ActiveCfg = Release|x64
		{70A7E5C8-C7F3-49D5-9BBB-BC0DB34E8665}.Release|x64.Build.0 = Release|x64
		{70A7E5C8-C7F3-49D5-9BBB-BC0DB34E8665}.Release|x86.ActiveCfg = Release|Win32
		{70A7E5C8-C7F3-49D5-9BBB-BC0DB34E8665}.Release|x86.Build.0 = Release|Win32
		{4AE59D39-10A7-471D-8F8F-73FD0552784C}.Debug|x64.ActiveCfg = Debug|x64
		{4AE59D39-10A7-471D-8F8F-73FD0552784C}.Debug|x64.Build.0 = Debug|x64
		{4AE59D39-10A7-471D-8F8F-73FD0552784C}.Debug|x86.ActiveCfg = Debug|Win32
		{4AE59D39-10A7-471D-8F8F-73FD0552784C}.Debug|x86.Build.0 = Debug|Win32
		{4AE59D39-10A7-471D-8F8F-73FD0552784C}.Release|x64.ActiveCfg = Release|x64
		{4AE59D39-10A7-471D-8F8F-73FD0552784C}.Release|x64.Build.0 = Release|x64
		{4AE59D39-10A7-471D-8F8F-73FD0552784C}.Release|x86.ActiveCfg = Release|Win32
		{4AE59D39-10A7-471D-8F8F-73FD0552784C}.Release|x86.Build.0 = Release|Win32
		{BA7C90DA-C70D-4FC9-A8BA-0CFFFD97D487}.Debug|x64.ActiveCfg = Debug|x64
		{BA7C90DA-C70D-4FC9-A8BA-0CFFFD97D487}.Debug|x64.Build.0 = Debug|x64
		{BA7C90DA-C70D-4FC9-A8BA-0CFFFD97D487}.Debug|x86.ActiveCfg = Debug|Win32
		{BA7C90DA-C70D-4FC9-A8BA-0CFFFD97D487}.Debug|x86.Build.0 = Debug|Win32
		{BA7C90DA-C70D-4FC9-A8BA-0CFFFD97D487}.Release|x64.ActiveCfg = Release|x64
		{BA7C90DA-C70D-4FC9-A8BA-0CFFFD97D487}.Release|x64.Build.0 = Release|x64
		{BA7C90DA-C70D-4FC9-A8BA-0CFFFD97D487}.Release|x86.ActiveCfg = Release|Win32
		{BA7C90DA-C70D-4FC9-A8BA-0CFFFD97D487}.Release|x86.Build.0 = Release|Win32
		{F5FAB234-4482-4D0F-ACA9-3A71642D5D30}.Debug|x64.ActiveCfg = Debug|x64
		{F5FAB234-4482-4D0F-ACA9-3A71642D5D30}.Debug|x64.Build.0 = Debug|x64
		{F5FAB234-4482-4D0F-ACA9-3A71642D5D30}.Debug|x86.ActiveCfg = Debug|Win32
		{F5FAB234-4482-4D0F-ACA9-3A71642D5D30}.Debug|x86.Build.0 = Debug|Win32
		{F5FAB234-4482-4D0F-ACA9-3A71642D5D30}.Release|x64.ActiveCfg = Release|x64
		{F5FAB234-4482-4D0F-ACA9-3A71642D5D30}.Release|x64.Build.0 = Release|x64
		{F5FAB234-4482-4D0F-ACA9-3A71642D5D30}.Release|x86.ActiveCfg = Release|Win32
		{F5FAB234-4482-4D0F-ACA9-3A71642D5D30}.Release|x86.Build.0 = Release|Win32
		{C7D46235-0FA3-4532-BE19-A7515A3BC494}.Debug|x64.ActiveCfg = Debug|x64
		{C7D46235-0FA3-4532-BE19-A7515A3BC494}.Debug|x64.Build.0 = Debug|x64
		{C7D46235-0FA3-4532-BE19-A7515A3BC494}.Debug|x86.ActiveCfg = Debug|Win32
		{C7D46235-0FA3-4532-BE19-A7515A3BC494}.Debug|x86.Build.0 = Debug|Win32
		{C7D46235-0FA3-4532-BE19-A7515A3BC494}.Release|x64.ActiveCfg = Release|x64
		{C7D46235-0FA3-4532-BE19-A7515A3BC494}.Release|x64.Build.0 = Release|x64
		{C7D46235-0FA3-4532-BE19-A7515A3BC494}.Release|x86.ActiveCfg = Release|Win32
		{C7D46235-0FA3-4532-BE19-A7515A3BC494}.Release|x86.Build.0 = Release|Win32
		{4563B03E-8EAE-4264-A127-B58C27A4DBDB}.Debug|x64.ActiveCfg = Debug|x64
		{4563B03E-8EAE-4264-A127-B58C27A4DBDB}.Debug|x64.Build.0 = Debug|x64
		{4563B03E-8EAE-4264-A127-B58C27A4DBDB}.Debug|x86.ActiveCfg = Debug|Win32
		{4563B03E-8EAE-4264-A127-B58C27A4DBDB}.Debug|x86.Build.0 = Debug|Win32
		{4563B03E-8EAE-4264-A127-B58C27A4DBDB}.Release|x64.ActiveCfg = Release|x64
		{4563B03E-8EAE-4264-A127-B58C27A4DBDB}.Release|x64.Build.0 = Release|x64
		{4563B03E-8EAE-4264-A127-B58C27A4DBDB}.Release|x86.ActiveCfg = Release|Win32
		{4563B03E-8EAE-4264-A127-B58C27A4DBDB}.Release|x86.Build.0 = Release|Win32
		{BD40CFEB-27C3-48FC-BB77-811E49B6E9B0}.Debug|x64.ActiveCfg = Debug|x64
		{BD40CFEB-27C3-48FC-BB77-811E49B6E9B0}.Debug|x64.Build.0 = Debug|x64
		{BD40CFEB-27C3-48FC-BB77-811E49B6E9B0}.Debug|x86.ActiveCfg = Debug|Win32
		{BD40CFEB-27C3-48FC-BB77-811E49B6E9B0}.Debug|x86.Build.0 = Debug|Win32
		{BD40CFEB-27C3-48FC-BB77-811E49B6E9B0}.Release|x64.ActiveCfg = Release|x64
		{BD40CFEB-27C3-48FC-BB77-811E49B6E9B0}.Release|x64.Build.0 = Release|x64
		{BD40CFEB-27C3-48FC-BB77-811E49B6E9B0}.Release|x86.ActiveCfg = Release|Win32
		{BD40CFEB-27C3-48FC-BB77-811E49B6E9B0}.Release|x86.Build.0 = Release|Win32
		{326B6B9C-A19C-492A-AB56-CC0DF5D2412B}.Debug|x64.ActiveCfg = Debug|x64
		{326B6B9C-A19C-492A-AB56-CC0DF5D2412B}.Debug|x64.Build.0 = Debug|x64
		{326B6B9C-A19C-492A-AB56-CC0DF5D2412B}.Debug|x86.ActiveCfg = Debug|Win32
		{326B6B9C-A19C-492A-AB56-CC0DF5D2412B}.Debug|x86.Build.0 = Debug|Win32
		{326B6B9C-A19C-492A-AB56-CC0DF5D2412B}.Release|x64.ActiveCfg = Release|x64
		{326B6B9C-A19C-492A-AB56-CC0DF5D2412B}.Release|x64.Build.0 = Release|x64
		{326B6B9C-A19C-492A-AB56-CC0DF5D2412B}.Release|x86.ActiveCfg = Release|Win32
		{326B6B9C-A19C-492A-AB56-CC0DF5D2412B}.Release|x86.Build.0 = Release|Win32
		{36EBE59B-0B22-476F-B4A5-CAFCA55C42D3}.Debug|x64.ActiveCfg = Debug|x64
		{36EBE59B-0B22-476F-B4A5-CAFCA55C42D3}.Debug|x64.Build.0 = Debug|x64
		{36EBE59B-0B22-476F-B4A5-CAFCA55C42D3}.Debug|x86.ActiveCfg = Debug|Win32
		{36EBE59B-0B22-476F-B4A5-CAFCA55C42D3}.Debug|x86.Build.0 = Debug|Win32
		{36EBE59B-0B22-476F-B4A5-CAFCA55C42D3}.Release|x64.ActiveCfg = Release|x64
		{36EBE59B-0B22-476F-B4A5-CAFCA55C42D3}.Release|x64.Build.0 = Release|x64
		{36EBE59B-0B22-476F-B4A5-CAFCA55C42D3}.Release|x86.ActiveCfg = Release|Win32
		{36EBE59B-0B22-476F-B4A5-CAFCA55C42D3}.Release|x86.Build.0 = Release|Win32
		{4E9D1909-B4D4-4B65-B7C0-A7D4D6F0A127}.Debug|x64.ActiveCfg = Debug|x64
		{4E9D1909-B4D4-4B65-B7C0-A7D4D6F0A127}.Debug|x64.Build.0 = Debug|x64
		{4E9D1909-B4D4-4B65-B7C0-A7D4D6F0A127}.Debug|x86.ActiveCfg = Debug|Win32
		{4E9D1909-B4D4-4B65-B7C0-A7D4D6F0A127}.Debug|x86.Build.0 = Debug|Win32
		{4E9D1909-B4D4-4B65-B7C0-A7D4D6F0A127}.Release|x64.ActiveCfg = Release|x64
		{4E9D1909-B4D4-4B65-B7C0-A7D4D6F0A127}.Release|x64.Build.0 = Release|x64
		{4E9D1909-B4D4-4B65-B7C0-A7D4D6F0A127}.Release|x86.ActiveCfg = Release|Win32
		{4E9D1909-B4D4-4B65-B7C0-A7D4D6F0A127}.Release|x86.Build.0 = Release|Win32
		{C8F7A4AA-CD00-41BC-9C9A-FD7EAE76942E}.Debug|x64.ActiveCfg = Debug|x64
		{C8F7A4AA-CD00-41BC-9C9A-FD7EAE76942E}.Debug|x64.Build.0 = Debug|x64
		{C8F7A4AA-CD00-41BC-9C9A-FD7EAE76942E}.Debug|x86.ActiveCfg = Debug|Win32
		{C8F7A4AA-CD00-41BC-9C9A-FD7EAE76942E}.Debug|x86.Build.0 = Debug|Win32
		{C8F7A4AA-CD00-41BC-9C9A-FD7EAE76942E}.Release|x64.ActiveCfg = Release|x64
		{C8F7A4AA-CD00-41BC-9C9A-FD7EAE76942E}.Release|x64.Build.0 = Release|x64
		{C8F7A4AA-CD00-41BC-9C9A-FD7EAE76942E}.Release|x86.ActiveCfg = Release|Win32
		{C8F7A4AA-CD00-41BC-9C9A-FD7EAE76942E}.Release|x86.Build.0 = Release|Win32
		{34780329-9823-4C15-8CD3-57F909E5FBE9}.Debug|x64.ActiveCfg = Debug|x64
		{34780329-9823-4C15-8CD3-57F909E5FBE9}.Debug|x64.Build.0 = Debug|x64
		{34780329-9823-4C15-8CD3-57F909E5FBE9}.Debug|x86.ActiveCfg = Debug|Win32
		{34780329-9823-4C15-8CD3-57F909E5FBE9}.Debug|x86.Build.0 = Debug|Win32
		{34780329-9823-4C15-8CD3-57F909E5FBE9}.Release|x64.ActiveCfg = Release|x64
		{34780329-9823-4C15-8CD3-57F909E5FBE9}.Release|x64.Build.0 = Release|x64
		{34780329-9823-4C15-8CD3-57F909E5FBE9}.Release|x86.ActiveCfg = Release|Win32
		{34780329-9823-4C15-8CD3-57F909E5FBE9}.Release|x86.Build.0 = Release|Win32
		{9FD6D222-278C-452C-982F-ED0AE45C761C}.Debug|x64.ActiveCfg = Debug|x64
		{9FD6D222-278C-452C-982F-ED0AE45C761C}.Debug|x64.Build.0 = Debug|x64
		{9FD6D222-278C-452C-982F-ED0AE45C761C}.Debug|x86.ActiveCfg = Debug|Win32
		{9FD6D222-278C-452C-982F-ED0AE45C761C}.Debug|x86.Build.0 = Debug|Win32
		{9FD6D222-278C-452C-982F-ED0AE45C761C}.Release|x64.ActiveCfg = Release|x64
		{9FD6D222-278C-452C-982F-ED0AE45C761C}.Release|x64.Build.0 = Release|x64
		{9FD6D222-278C-452C-982F-ED0AE45C761C}.Release|x86.ActiveCfg = Release|Win32
		{9FD6D222-278C-452C-982F-ED0AE45C761C}.Release|x86.Build.0 = Release|Win32
	EndGlobalSection
	GlobalSection(SolutionProperties) = preSolution
		HideSolutionNode = FALSE
	EndGlobalSection
	GlobalSection(ExtensibilityGlobals) = postSolution
		SolutionGuid = {B1137DC3-1D82-4876-AC21-DC79B3C81CE8}
	EndGlobalSection
EndGlobal
