
Microsoft Visual Studio Solution File, Format Version 12.00
# Visual Studio 15
VisualStudioVersion = 15.0.28307.329
MinimumVisualStudioVersion = 10.0.40219.1
Project("{8BC9CEB8-8B4A-11D0-8D11-00A0C91BC942}") = "Program 1", "Program 1\Program 1.vcxproj", "{B0B7FCC9-3467-439F-BE5D-186AB84AF97D}"
EndProject
Project("{8BC9CEB8-8B4A-11D0-8D11-00A0C91BC942}") = "Program 2", "Program 2\Program 2.vcxproj", "{C56BA583-115E-4C43-B186-DCDAD2BCFEC5}"
EndProject
Project("{8BC9CEB8-8B4A-11D0-8D11-00A0C91BC942}") = "Program 3", "Program 3\Program 3.vcxproj", "{0817DEEB-937D-431F-A1AC-DBBEE279B2AB}"
EndProject
Project("{8BC9CEB8-8B4A-11D0-8D11-00A0C91BC942}") = "program 4", "program 4\program 4.vcxproj", "{19811C70-D866-498C-ACDB-3B068B1BD71F}"
EndProject
Project("{8BC9CEB8-8B4A-11D0-8D11-00A0C91BC942}") = "program 5", "program 5\program 5.vcxproj", "{3871BDB9-3F3C-47C5-9E95-790B69F693F5}"
EndProject
Project("{8BC9CEB8-8B4A-11D0-8D11-00A0C91BC942}") = "program 6", "program 6\program 6.vcxproj", "{465E1EAE-FC4C-4791-8F0B-751718572DB1}"
EndProject
Project("{8BC9CEB8-8B4A-11D0-8D11-00A0C91BC942}") = "program 7", "program 7\program 7.vcxproj", "{CA006CC5-881A-454A-9E0B-95C0D5F680A5}"
EndProject
Project("{8BC9CEB8-8B4A-11D0-8D11-00A0C91BC942}") = "program 8", "program 8\program 8.vcxproj", "{31313D75-2190-4D6A-AB62-0D1402D10C13}"
EndProject
Project("{8BC9CEB8-8B4A-11D0-8D11-00A0C91BC942}") = "program 9", "program 9\program 9.vcxproj", "{5D8E58A0-59A8-4339-B73F-8A172031C8FD}"
EndProject
Project("{8BC9CEB8-8B4A-11D0-8D11-00A0C91BC942}") = "program 10", "program 10\program 10.vcxproj", "{6CD47680-887B-4A06-90B7-632BB8A3B2D4}"
EndProject
Project("{8BC9CEB8-8B4A-11D0-8D11-00A0C91BC942}") = "program 11", "program 11\program 11.vcxproj", "{54E06593-4D54-41F6-9087-62BAB393359E}"
EndProject
Project("{8BC9CEB8-8B4A-11D0-8D11-00A0C91BC942}") = "program 12", "program 12\program 12.vcxproj", "{6E6AE4AE-904A-47DF-9C26-3B463525F24A}"
EndProject
Project("{8BC9CEB8-8B4A-11D0-8D11-00A0C91BC942}") = "program 13", "program 13\program 13.vcxproj", "{37369B39-9EFC-4D2D-A3F6-98A560BDFE6A}"
EndProject
Project("{8BC9CEB8-8B4A-11D0-8D11-00A0C91BC942}") = "program 14", "program 14\program 14.vcxproj", "{0791F8FB-5318-4B4F-A4B2-11ADB6155D83}"
EndProject
Project("{8BC9CEB8-8B4A-11D0-8D11-00A0C91BC942}") = "program 15", "program 15\program 15.vcxproj", "{0DB19837-BDF4-4421-9B28-4A2795EB8340}"
EndProject
Project("{8BC9CEB8-8B4A-11D0-8D11-00A0C91BC942}") = "15re", "15re\15re.vcxproj", "{428007FC-40E5-4A09-88E2-EBB446361C67}"
EndProject
Global
	GlobalSection(SolutionConfigurationPlatforms) = preSolution
		Debug|x64 = Debug|x64
		Debug|x86 = Debug|x86
		Release|x64 = Release|x64
		Release|x86 = Release|x86
	EndGlobalSection
	GlobalSection(ProjectConfigurationPlatforms) = postSolution
		{B0B7FCC9-3467-439F-BE5D-186AB84AF97D}.Debug|x64.ActiveCfg = Debug|x64
		{B0B7FCC9-3467-439F-BE5D-186AB84AF97D}.Debug|x64.Build.0 = Debug|x64
		{B0B7FCC9-3467-439F-BE5D-186AB84AF97D}.Debug|x86.ActiveCfg = Debug|Win32
		{B0B7FCC9-3467-439F-BE5D-186AB84AF97D}.Debug|x86.Build.0 = Debug|Win32
		{B0B7FCC9-3467-439F-BE5D-186AB84AF97D}.Release|x64.ActiveCfg = Release|x64
		{B0B7FCC9-3467-439F-BE5D-186AB84AF97D}.Release|x64.Build.0 = Release|x64
		{B0B7FCC9-3467-439F-BE5D-186AB84AF97D}.Release|x86.ActiveCfg = Release|Win32
		{B0B7FCC9-3467-439F-BE5D-186AB84AF97D}.Release|x86.Build.0 = Release|Win32
		{C56BA583-115E-4C43-B186-DCDAD2BCFEC5}.Debug|x64.ActiveCfg = Debug|x64
		{C56BA583-115E-4C43-B186-DCDAD2BCFEC5}.Debug|x64.Build.0 = Debug|x64
		{C56BA583-115E-4C43-B186-DCDAD2BCFEC5}.Debug|x86.ActiveCfg = Debug|Win32
		{C56BA583-115E-4C43-B186-DCDAD2BCFEC5}.Debug|x86.Build.0 = Debug|Win32
		{C56BA583-115E-4C43-B186-DCDAD2BCFEC5}.Release|x64.ActiveCfg = Release|x64
		{C56BA583-115E-4C43-B186-DCDAD2BCFEC5}.Release|x64.Build.0 = Release|x64
		{C56BA583-115E-4C43-B186-DCDAD2BCFEC5}.Release|x86.ActiveCfg = Release|Win32
		{C56BA583-115E-4C43-B186-DCDAD2BCFEC5}.Release|x86.Build.0 = Release|Win32
		{0817DEEB-937D-431F-A1AC-DBBEE279B2AB}.Debug|x64.ActiveCfg = Debug|x64
		{0817DEEB-937D-431F-A1AC-DBBEE279B2AB}.Debug|x64.Build.0 = Debug|x64
		{0817DEEB-937D-431F-A1AC-DBBEE279B2AB}.Debug|x86.ActiveCfg = Debug|Win32
		{0817DEEB-937D-431F-A1AC-DBBEE279B2AB}.Debug|x86.Build.0 = Debug|Win32
		{0817DEEB-937D-431F-A1AC-DBBEE279B2AB}.Release|x64.ActiveCfg = Release|x64
		{0817DEEB-937D-431F-A1AC-DBBEE279B2AB}.Release|x64.Build.0 = Release|x64
		{0817DEEB-937D-431F-A1AC-DBBEE279B2AB}.Release|x86.ActiveCfg = Release|Win32
		{0817DEEB-937D-431F-A1AC-DBBEE279B2AB}.Release|x86.Build.0 = Release|Win32
		{19811C70-D866-498C-ACDB-3B068B1BD71F}.Debug|x64.ActiveCfg = Debug|x64
		{19811C70-D866-498C-ACDB-3B068B1BD71F}.Debug|x64.Build.0 = Debug|x64
		{19811C70-D866-498C-ACDB-3B068B1BD71F}.Debug|x86.ActiveCfg = Debug|Win32
		{19811C70-D866-498C-ACDB-3B068B1BD71F}.Debug|x86.Build.0 = Debug|Win32
		{19811C70-D866-498C-ACDB-3B068B1BD71F}.Release|x64.ActiveCfg = Release|x64
		{19811C70-D866-498C-ACDB-3B068B1BD71F}.Release|x64.Build.0 = Release|x64
		{19811C70-D866-498C-ACDB-3B068B1BD71F}.Release|x86.ActiveCfg = Release|Win32
		{19811C70-D866-498C-ACDB-3B068B1BD71F}.Release|x86.Build.0 = Release|Win32
		{3871BDB9-3F3C-47C5-9E95-790B69F693F5}.Debug|x64.ActiveCfg = Debug|x64
		{3871BDB9-3F3C-47C5-9E95-790B69F693F5}.Debug|x64.Build.0 = Debug|x64
		{3871BDB9-3F3C-47C5-9E95-790B69F693F5}.Debug|x86.ActiveCfg = Debug|Win32
		{3871BDB9-3F3C-47C5-9E95-790B69F693F5}.Debug|x86.Build.0 = Debug|Win32
		{3871BDB9-3F3C-47C5-9E95-790B69F693F5}.Release|x64.ActiveCfg = Release|x64
		{3871BDB9-3F3C-47C5-9E95-790B69F693F5}.Release|x64.Build.0 = Release|x64
		{3871BDB9-3F3C-47C5-9E95-790B69F693F5}.Release|x86.ActiveCfg = Release|Win32
		{3871BDB9-3F3C-47C5-9E95-790B69F693F5}.Release|x86.Build.0 = Release|Win32
		{465E1EAE-FC4C-4791-8F0B-751718572DB1}.Debug|x64.ActiveCfg = Debug|x64
		{465E1EAE-FC4C-4791-8F0B-751718572DB1}.Debug|x64.Build.0 = Debug|x64
		{465E1EAE-FC4C-4791-8F0B-751718572DB1}.Debug|x86.ActiveCfg = Debug|Win32
		{465E1EAE-FC4C-4791-8F0B-751718572DB1}.Debug|x86.Build.0 = Debug|Win32
		{465E1EAE-FC4C-4791-8F0B-751718572DB1}.Release|x64.ActiveCfg = Release|x64
		{465E1EAE-FC4C-4791-8F0B-751718572DB1}.Release|x64.Build.0 = Release|x64
		{465E1EAE-FC4C-4791-8F0B-751718572DB1}.Release|x86.ActiveCfg = Release|Win32
		{465E1EAE-FC4C-4791-8F0B-751718572DB1}.Release|x86.Build.0 = Release|Win32
		{CA006CC5-881A-454A-9E0B-95C0D5F680A5}.Debug|x64.ActiveCfg = Debug|x64
		{CA006CC5-881A-454A-9E0B-95C0D5F680A5}.Debug|x64.Build.0 = Debug|x64
		{CA006CC5-881A-454A-9E0B-95C0D5F680A5}.Debug|x86.ActiveCfg = Debug|Win32
		{CA006CC5-881A-454A-9E0B-95C0D5F680A5}.Debug|x86.Build.0 = Debug|Win32
		{CA006CC5-881A-454A-9E0B-95C0D5F680A5}.Release|x64.ActiveCfg = Release|x64
		{CA006CC5-881A-454A-9E0B-95C0D5F680A5}.Release|x64.Build.0 = Release|x64
		{CA006CC5-881A-454A-9E0B-95C0D5F680A5}.Release|x86.ActiveCfg = Release|Win32
		{CA006CC5-881A-454A-9E0B-95C0D5F680A5}.Release|x86.Build.0 = Release|Win32
		{31313D75-2190-4D6A-AB62-0D1402D10C13}.Debug|x64.ActiveCfg = Debug|x64
		{31313D75-2190-4D6A-AB62-0D1402D10C13}.Debug|x64.Build.0 = Debug|x64
		{31313D75-2190-4D6A-AB62-0D1402D10C13}.Debug|x86.ActiveCfg = Debug|Win32
		{31313D75-2190-4D6A-AB62-0D1402D10C13}.Debug|x86.Build.0 = Debug|Win32
		{31313D75-2190-4D6A-AB62-0D1402D10C13}.Release|x64.ActiveCfg = Release|x64
		{31313D75-2190-4D6A-AB62-0D1402D10C13}.Release|x64.Build.0 = Release|x64
		{31313D75-2190-4D6A-AB62-0D1402D10C13}.Release|x86.ActiveCfg = Release|Win32
		{31313D75-2190-4D6A-AB62-0D1402D10C13}.Release|x86.Build.0 = Release|Win32
		{5D8E58A0-59A8-4339-B73F-8A172031C8FD}.Debug|x64.ActiveCfg = Debug|x64
		{5D8E58A0-59A8-4339-B73F-8A172031C8FD}.Debug|x64.Build.0 = Debug|x64
		{5D8E58A0-59A8-4339-B73F-8A172031C8FD}.Debug|x86.ActiveCfg = Debug|Win32
		{5D8E58A0-59A8-4339-B73F-8A172031C8FD}.Debug|x86.Build.0 = Debug|Win32
		{5D8E58A0-59A8-4339-B73F-8A172031C8FD}.Release|x64.ActiveCfg = Release|x64
		{5D8E58A0-59A8-4339-B73F-8A172031C8FD}.Release|x64.Build.0 = Release|x64
		{5D8E58A0-59A8-4339-B73F-8A172031C8FD}.Release|x86.ActiveCfg = Release|Win32
		{5D8E58A0-59A8-4339-B73F-8A172031C8FD}.Release|x86.Build.0 = Release|Win32
		{6CD47680-887B-4A06-90B7-632BB8A3B2D4}.Debug|x64.ActiveCfg = Debug|x64
		{6CD47680-887B-4A06-90B7-632BB8A3B2D4}.Debug|x64.Build.0 = Debug|x64
		{6CD47680-887B-4A06-90B7-632BB8A3B2D4}.Debug|x86.ActiveCfg = Debug|Win32
		{6CD47680-887B-4A06-90B7-632BB8A3B2D4}.Debug|x86.Build.0 = Debug|Win32
		{6CD47680-887B-4A06-90B7-632BB8A3B2D4}.Release|x64.ActiveCfg = Release|x64
		{6CD47680-887B-4A06-90B7-632BB8A3B2D4}.Release|x64.Build.0 = Release|x64
		{6CD47680-887B-4A06-90B7-632BB8A3B2D4}.Release|x86.ActiveCfg = Release|Win32
		{6CD47680-887B-4A06-90B7-632BB8A3B2D4}.Release|x86.Build.0 = Release|Win32
		{54E06593-4D54-41F6-9087-62BAB393359E}.Debug|x64.ActiveCfg = Debug|x64
		{54E06593-4D54-41F6-9087-62BAB393359E}.Debug|x64.Build.0 = Debug|x64
		{54E06593-4D54-41F6-9087-62BAB393359E}.Debug|x86.ActiveCfg = Debug|Win32
		{54E06593-4D54-41F6-9087-62BAB393359E}.Debug|x86.Build.0 = Debug|Win32
		{54E06593-4D54-41F6-9087-62BAB393359E}.Release|x64.ActiveCfg = Release|x64
		{54E06593-4D54-41F6-9087-62BAB393359E}.Release|x64.Build.0 = Release|x64
		{54E06593-4D54-41F6-9087-62BAB393359E}.Release|x86.ActiveCfg = Release|Win32
		{54E06593-4D54-41F6-9087-62BAB393359E}.Release|x86.Build.0 = Release|Win32
		{6E6AE4AE-904A-47DF-9C26-3B463525F24A}.Debug|x64.ActiveCfg = Debug|x64
		{6E6AE4AE-904A-47DF-9C26-3B463525F24A}.Debug|x64.Build.0 = Debug|x64
		{6E6AE4AE-904A-47DF-9C26-3B463525F24A}.Debug|x86.ActiveCfg = Debug|Win32
		{6E6AE4AE-904A-47DF-9C26-3B463525F24A}.Debug|x86.Build.0 = Debug|Win32
		{6E6AE4AE-904A-47DF-9C26-3B463525F24A}.Release|x64.ActiveCfg = Release|x64
		{6E6AE4AE-904A-47DF-9C26-3B463525F24A}.Release|x64.Build.0 = Release|x64
		{6E6AE4AE-904A-47DF-9C26-3B463525F24A}.Release|x86.ActiveCfg = Release|Win32
		{6E6AE4AE-904A-47DF-9C26-3B463525F24A}.Release|x86.Build.0 = Release|Win32
		{37369B39-9EFC-4D2D-A3F6-98A560BDFE6A}.Debug|x64.ActiveCfg = Debug|x64
		{37369B39-9EFC-4D2D-A3F6-98A560BDFE6A}.Debug|x64.Build.0 = Debug|x64
		{37369B39-9EFC-4D2D-A3F6-98A560BDFE6A}.Debug|x86.ActiveCfg = Debug|Win32
		{37369B39-9EFC-4D2D-A3F6-98A560BDFE6A}.Debug|x86.Build.0 = Debug|Win32
		{37369B39-9EFC-4D2D-A3F6-98A560BDFE6A}.Release|x64.ActiveCfg = Release|x64
		{37369B39-9EFC-4D2D-A3F6-98A560BDFE6A}.Release|x64.Build.0 = Release|x64
		{37369B39-9EFC-4D2D-A3F6-98A560BDFE6A}.Release|x86.ActiveCfg = Release|Win32
		{37369B39-9EFC-4D2D-A3F6-98A560BDFE6A}.Release|x86.Build.0 = Release|Win32
		{0791F8FB-5318-4B4F-A4B2-11ADB6155D83}.Debug|x64.ActiveCfg = Debug|x64
		{0791F8FB-5318-4B4F-A4B2-11ADB6155D83}.Debug|x64.Build.0 = Debug|x64
		{0791F8FB-5318-4B4F-A4B2-11ADB6155D83}.Debug|x86.ActiveCfg = Debug|Win32
		{0791F8FB-5318-4B4F-A4B2-11ADB6155D83}.Debug|x86.Build.0 = Debug|Win32
		{0791F8FB-5318-4B4F-A4B2-11ADB6155D83}.Release|x64.ActiveCfg = Release|x64
		{0791F8FB-5318-4B4F-A4B2-11ADB6155D83}.Release|x64.Build.0 = Release|x64
		{0791F8FB-5318-4B4F-A4B2-11ADB6155D83}.Release|x86.ActiveCfg = Release|Win32
		{0791F8FB-5318-4B4F-A4B2-11ADB6155D83}.Release|x86.Build.0 = Release|Win32
		{0DB19837-BDF4-4421-9B28-4A2795EB8340}.Debug|x64.ActiveCfg = Debug|x64
		{0DB19837-BDF4-4421-9B28-4A2795EB8340}.Debug|x64.Build.0 = Debug|x64
		{0DB19837-BDF4-4421-9B28-4A2795EB8340}.Debug|x86.ActiveCfg = Debug|Win32
		{0DB19837-BDF4-4421-9B28-4A2795EB8340}.Debug|x86.Build.0 = Debug|Win32
		{0DB19837-BDF4-4421-9B28-4A2795EB8340}.Release|x64.ActiveCfg = Release|x64
		{0DB19837-BDF4-4421-9B28-4A2795EB8340}.Release|x64.Build.0 = Release|x64
		{0DB19837-BDF4-4421-9B28-4A2795EB8340}.Release|x86.ActiveCfg = Release|Win32
		{0DB19837-BDF4-4421-9B28-4A2795EB8340}.Release|x86.Build.0 = Release|Win32
		{428007FC-40E5-4A09-88E2-EBB446361C67}.Debug|x64.ActiveCfg = Debug|x64
		{428007FC-40E5-4A09-88E2-EBB446361C67}.Debug|x64.Build.0 = Debug|x64
		{428007FC-40E5-4A09-88E2-EBB446361C67}.Debug|x86.ActiveCfg = Debug|Win32
		{428007FC-40E5-4A09-88E2-EBB446361C67}.Debug|x86.Build.0 = Debug|Win32
		{428007FC-40E5-4A09-88E2-EBB446361C67}.Release|x64.ActiveCfg = Release|x64
		{428007FC-40E5-4A09-88E2-EBB446361C67}.Release|x64.Build.0 = Release|x64
		{428007FC-40E5-4A09-88E2-EBB446361C67}.Release|x86.ActiveCfg = Release|Win32
		{428007FC-40E5-4A09-88E2-EBB446361C67}.Release|x86.Build.0 = Release|Win32
	EndGlobalSection
	GlobalSection(SolutionProperties) = preSolution
		HideSolutionNode = FALSE
	EndGlobalSection
	GlobalSection(ExtensibilityGlobals) = postSolution
		SolutionGuid = {5D9967C9-0383-472B-9285-63268193E41E}
	EndGlobalSection
EndGlobal
