
Microsoft Visual Studio Solution File, Format Version 12.00
# Visual Studio 15
VisualStudioVersion = 15.0.28307.329
MinimumVisualStudioVersion = 10.0.40219.1
Project("{8BC9CEB8-8B4A-11D0-8D11-00A0C91BC942}") = "bubblesort", "bubblesort\bubblesort.vcxproj", "{F02715B9-C4CB-44F0-918F-7676DAC11F4B}"
EndProject
Project("{8BC9CEB8-8B4A-11D0-8D11-00A0C91BC942}") = "insertionsort", "insertionsort\insertionsort.vcxproj", "{B7CE15A2-9147-4BD4-8F95-631DB139B304}"
EndProject
Project("{8BC9CEB8-8B4A-11D0-8D11-00A0C91BC942}") = "selectionsort", "selectionsort\selectionsort.vcxproj", "{542E15A6-323C-4142-801D-8951EBE8F861}"
EndProject
Project("{8BC9CEB8-8B4A-11D0-8D11-00A0C91BC942}") = "mergesort", "mergesort\mergesort.vcxproj", "{C4702CBD-770F-4F71-859B-06E005ABF79B}"
EndProject
Global
	GlobalSection(SolutionConfigurationPlatforms) = preSolution
		Debug|x64 = Debug|x64
		Debug|x86 = Debug|x86
		Release|x64 = Release|x64
		Release|x86 = Release|x86
	EndGlobalSection
	GlobalSection(ProjectConfigurationPlatforms) = postSolution
		{F02715B9-C4CB-44F0-918F-7676DAC11F4B}.Debug|x64.ActiveCfg = Debug|x64
		{F02715B9-C4CB-44F0-918F-7676DAC11F4B}.Debug|x64.Build.0 = Debug|x64
		{F02715B9-C4CB-44F0-918F-7676DAC11F4B}.Debug|x86.ActiveCfg = Debug|Win32
		{F02715B9-C4CB-44F0-918F-7676DAC11F4B}.Debug|x86.Build.0 = Debug|Win32
		{F02715B9-C4CB-44F0-918F-7676DAC11F4B}.Release|x64.ActiveCfg = Release|x64
		{F02715B9-C4CB-44F0-918F-7676DAC11F4B}.Release|x64.Build.0 = Release|x64
		{F02715B9-C4CB-44F0-918F-7676DAC11F4B}.Release|x86.ActiveCfg = Release|Win32
		{F02715B9-C4CB-44F0-918F-7676DAC11F4B}.Release|x86.Build.0 = Release|Win32
		{B7CE15A2-9147-4BD4-8F95-631DB139B304}.Debug|x64.ActiveCfg = Debug|x64
		{B7CE15A2-9147-4BD4-8F95-631DB139B304}.Debug|x64.Build.0 = Debug|x64
		{B7CE15A2-9147-4BD4-8F95-631DB139B304}.Debug|x86.ActiveCfg = Debug|Win32
		{B7CE15A2-9147-4BD4-8F95-631DB139B304}.Debug|x86.Build.0 = Debug|Win32
		{B7CE15A2-9147-4BD4-8F95-631DB139B304}.Release|x64.ActiveCfg = Release|x64
		{B7CE15A2-9147-4BD4-8F95-631DB139B304}.Release|x64.Build.0 = Release|x64
		{B7CE15A2-9147-4BD4-8F95-631DB139B304}.Release|x86.ActiveCfg = Release|Win32
		{B7CE15A2-9147-4BD4-8F95-631DB139B304}.Release|x86.Build.0 = Release|Win32
		{542E15A6-323C-4142-801D-8951EBE8F861}.Debug|x64.ActiveCfg = Debug|x64
		{542E15A6-323C-4142-801D-8951EBE8F861}.Debug|x64.Build.0 = Debug|x64
		{542E15A6-323C-4142-801D-8951EBE8F861}.Debug|x86.ActiveCfg = Debug|Win32
		{542E15A6-323C-4142-801D-8951EBE8F861}.Debug|x86.Build.0 = Debug|Win32
		{542E15A6-323C-4142-801D-8951EBE8F861}.Release|x64.ActiveCfg = Release|x64
		{542E15A6-323C-4142-801D-8951EBE8F861}.Release|x64.Build.0 = Release|x64
		{542E15A6-323C-4142-801D-8951EBE8F861}.Release|x86.ActiveCfg = Release|Win32
		{542E15A6-323C-4142-801D-8951EBE8F861}.Release|x86.Build.0 = Release|Win32
		{C4702CBD-770F-4F71-859B-06E005ABF79B}.Debug|x64.ActiveCfg = Debug|x64
		{C4702CBD-770F-4F71-859B-06E005ABF79B}.Debug|x64.Build.0 = Debug|x64
		{C4702CBD-770F-4F71-859B-06E005ABF79B}.Debug|x86.ActiveCfg = Debug|Win32
		{C4702CBD-770F-4F71-859B-06E005ABF79B}.Debug|x86.Build.0 = Debug|Win32
		{C4702CBD-770F-4F71-859B-06E005ABF79B}.Release|x64.ActiveCfg = Release|x64
		{C4702CBD-770F-4F71-859B-06E005ABF79B}.Release|x64.Build.0 = Release|x64
		{C4702CBD-770F-4F71-859B-06E005ABF79B}.Release|x86.ActiveCfg = Release|Win32
		{C4702CBD-770F-4F71-859B-06E005ABF79B}.Release|x86.Build.0 = Release|Win32
	EndGlobalSection
	GlobalSection(SolutionProperties) = preSolution
		HideSolutionNode = FALSE
	EndGlobalSection
	GlobalSection(ExtensibilityGlobals) = postSolution
		SolutionGuid = {4B299D89-BDCA-4049-B075-CBA579B14165}
	EndGlobalSection
EndGlobal
